
Microsoft Visual Studio Solution File, Format Version 12.00
Project("{FAE04EC0-301F-11D3-BF4B-00C04F79EFBC}") = "Mass", "src\Mass\Mass.csproj", "{2B7CD918-3E2B-4741-9688-702DD65CD4DC}"
EndProject
Project("{FAE04EC0-301F-11D3-BF4B-00C04F79EFBC}") = "Mass.Tests", "tests\Mass.Tests\Mass.Tests.csproj", "{7E63653C-F65D-45CF-86D1-AC3D8C91DA76}"
EndProject
Global
	GlobalSection(SolutionConfigurationPlatforms) = preSolution
		Debug|Any CPU = Debug|Any CPU
		Release|Any CPU = Release|Any CPU
	EndGlobalSection
	GlobalSection(ProjectConfigurationPlatforms) = postSolution
		{2B7CD918-3E2B-4741-9688-702DD65CD4DC}.Debug|Any CPU.ActiveCfg = Debug|Any CPU
		{2B7CD918-3E2B-4741-9688-702DD65CD4DC}.Debug|Any CPU.Build.0 = Debug|Any CPU
		{2B7CD918-3E2B-4741-9688-702DD65CD4DC}.Release|Any CPU.ActiveCfg = Release|Any CPU
		{2B7CD918-3E2B-4741-9688-702DD65CD4DC}.Release|Any CPU.Build.0 = Release|Any CPU
		{7E63653C-F65D-45CF-86D1-AC3D8C91DA76}.Debug|Any CPU.ActiveCfg = Debug|Any CPU
		{7E63653C-F65D-45CF-86D1-AC3D8C91DA76}.Debug|Any CPU.Build.0 = Debug|Any CPU
		{7E63653C-F65D-45CF-86D1-AC3D8C91DA76}.Release|Any CPU.ActiveCfg = Release|Any CPU
		{7E63653C-F65D-45CF-86D1-AC3D8C91DA76}.Release|Any CPU.Build.0 = Release|Any CPU
	EndGlobalSection
EndGlobal
